# THIS IS AN AUTOGENERATED FILE. DO NOT EDIT THIS FILE DIRECTLY.
# yarn lockfile v1


"@types/chai@^4.0.2":
  version "4.0.2"
  resolved "https://registry.yarnpkg.com/@types/chai/-/chai-4.0.2.tgz#cce9666f5ee2fa27ffd505d2dfaf53bb02ed2584"
  integrity sha512-0pHNZTD0SpQhz1kUM4Muhgdn4acxq21kp726pZfWMmKYGbmmv8XkGTt3k/0QDklhTUYBD6hknZ/1YFokyP/G7Q==

typescript@^3.8.3:
  version "3.8.3"
  resolved "https://registry.yarnpkg.com/typescript/-/typescript-3.8.3.tgz#409eb8544ea0335711205869ec458ab109ee1061"
  integrity sha512-MYlEfn5VrLNsgudQTVJeNaQFUAI7DkhnOjdpAp4T+ku1TfQClewlbSuTVHiA+8skNBgaf02TL/kLOvig4y3G8w==
